
Microsoft Visual Studio Solution File, Format Version 12.00
# Visual Studio Version 16
VisualStudioVersion = 16.0.29411.108
MinimumVisualStudioVersion = 10.0.40219.1
Project("{FAE04EC0-301F-11D3-BF4B-00C04F79EFBC}") = "MyBankingApp.Android", "MyBankingApp\MyBankingApp.Android\MyBankingApp.Android.csproj", "{36FBCFD9-52FA-407F-AE49-6F86DC2AA1F9}"
EndProject
Project("{FAE04EC0-301F-11D3-BF4B-00C04F79EFBC}") = "MyBankingApp.iOS", "MyBankingApp\MyBankingApp.iOS\MyBankingApp.iOS.csproj", "{F01BFA6E-80B0-4FEC-8538-834E18FA23C1}"
EndProject
Project("{FAE04EC0-301F-11D3-BF4B-00C04F79EFBC}") = "MyBankingApp", "MyBankingApp\MyBankingApp\MyBankingApp.csproj", "{2E42FE15-07B8-4EBE-9DF8-7969A021E42E}"
EndProject
Global
	GlobalSection(SolutionConfigurationPlatforms) = preSolution
		Debug|Any CPU = Debug|Any CPU
		Debug|iPhone = Debug|iPhone
		Debug|iPhoneSimulator = Debug|iPhoneSimulator
		Release|Any CPU = Release|Any CPU
		Release|iPhone = Release|iPhone
		Release|iPhoneSimulator = Release|iPhoneSimulator
	EndGlobalSection
	GlobalSection(ProjectConfigurationPlatforms) = postSolution
		{36FBCFD9-52FA-407F-AE49-6F86DC2AA1F9}.Debug|Any CPU.ActiveCfg = Debug|Any CPU
		{36FBCFD9-52FA-407F-AE49-6F86DC2AA1F9}.Debug|Any CPU.Build.0 = Debug|Any CPU
		{36FBCFD9-52FA-407F-AE49-6F86DC2AA1F9}.Debug|Any CPU.Deploy.0 = Debug|Any CPU
		{36FBCFD9-52FA-407F-AE49-6F86DC2AA1F9}.Debug|iPhone.ActiveCfg = Debug|Any CPU
		{36FBCFD9-52FA-407F-AE49-6F86DC2AA1F9}.Debug|iPhone.Build.0 = Debug|Any CPU
		{36FBCFD9-52FA-407F-AE49-6F86DC2AA1F9}.Debug|iPhone.Deploy.0 = Debug|Any CPU
		{36FBCFD9-52FA-407F-AE49-6F86DC2AA1F9}.Debug|iPhoneSimulator.ActiveCfg = Debug|Any CPU
		{36FBCFD9-52FA-407F-AE49-6F86DC2AA1F9}.Debug|iPhoneSimulator.Build.0 = Debug|Any CPU
		{36FBCFD9-52FA-407F-AE49-6F86DC2AA1F9}.Debug|iPhoneSimulator.Deploy.0 = Debug|Any CPU
		{36FBCFD9-52FA-407F-AE49-6F86DC2AA1F9}.Release|Any CPU.ActiveCfg = Release|Any CPU
		{36FBCFD9-52FA-407F-AE49-6F86DC2AA1F9}.Release|Any CPU.Build.0 = Release|Any CPU
		{36FBCFD9-52FA-407F-AE49-6F86DC2AA1F9}.Release|Any CPU.Deploy.0 = Release|Any CPU
		{36FBCFD9-52FA-407F-AE49-6F86DC2AA1F9}.Release|iPhone.ActiveCfg = Release|Any CPU
		{36FBCFD9-52FA-407F-AE49-6F86DC2AA1F9}.Release|iPhone.Build.0 = Release|Any CPU
		{36FBCFD9-52FA-407F-AE49-6F86DC2AA1F9}.Release|iPhone.Deploy.0 = Release|Any CPU
		{36FBCFD9-52FA-407F-AE49-6F86DC2AA1F9}.Release|iPhoneSimulator.ActiveCfg = Release|Any CPU
		{36FBCFD9-52FA-407F-AE49-6F86DC2AA1F9}.Release|iPhoneSimulator.Build.0 = Release|Any CPU
		{36FBCFD9-52FA-407F-AE49-6F86DC2AA1F9}.Release|iPhoneSimulator.Deploy.0 = Release|Any CPU
		{F01BFA6E-80B0-4FEC-8538-834E18FA23C1}.Debug|Any CPU.ActiveCfg = Debug|iPhoneSimulator
		{F01BFA6E-80B0-4FEC-8538-834E18FA23C1}.Debug|Any CPU.Build.0 = Debug|iPhoneSimulator
		{F01BFA6E-80B0-4FEC-8538-834E18FA23C1}.Debug|Any CPU.Deploy.0 = Debug|iPhoneSimulator
		{F01BFA6E-80B0-4FEC-8538-834E18FA23C1}.Debug|iPhone.ActiveCfg = Debug|iPhone
		{F01BFA6E-80B0-4FEC-8538-834E18FA23C1}.Debug|iPhone.Build.0 = Debug|iPhone
		{F01BFA6E-80B0-4FEC-8538-834E18FA23C1}.Debug|iPhone.Deploy.0 = Debug|iPhone
		{F01BFA6E-80B0-4FEC-8538-834E18FA23C1}.Debug|iPhoneSimulator.ActiveCfg = Debug|iPhoneSimulator
		{F01BFA6E-80B0-4FEC-8538-834E18FA23C1}.Debug|iPhoneSimulator.Build.0 = Debug|iPhoneSimulator
		{F01BFA6E-80B0-4FEC-8538-834E18FA23C1}.Debug|iPhoneSimulator.Deploy.0 = Debug|iPhoneSimulator
		{F01BFA6E-80B0-4FEC-8538-834E18FA23C1}.Release|Any CPU.ActiveCfg = Release|iPhone
		{F01BFA6E-80B0-4FEC-8538-834E18FA23C1}.Release|Any CPU.Build.0 = Release|iPhone
		{F01BFA6E-80B0-4FEC-8538-834E18FA23C1}.Release|Any CPU.Deploy.0 = Release|iPhone
		{F01BFA6E-80B0-4FEC-8538-834E18FA23C1}.Release|iPhone.ActiveCfg = Release|iPhone
		{F01BFA6E-80B0-4FEC-8538-834E18FA23C1}.Release|iPhone.Build.0 = Release|iPhone
		{F01BFA6E-80B0-4FEC-8538-834E18FA23C1}.Release|iPhone.Deploy.0 = Release|iPhone
		{F01BFA6E-80B0-4FEC-8538-834E18FA23C1}.Release|iPhoneSimulator.ActiveCfg = Release|iPhoneSimulator
		{F01BFA6E-80B0-4FEC-8538-834E18FA23C1}.Release|iPhoneSimulator.Build.0 = Release|iPhoneSimulator
		{F01BFA6E-80B0-4FEC-8538-834E18FA23C1}.Release|iPhoneSimulator.Deploy.0 = Release|iPhoneSimulator
		{2E42FE15-07B8-4EBE-9DF8-7969A021E42E}.Debug|Any CPU.ActiveCfg = Debug|Any CPU
		{2E42FE15-07B8-4EBE-9DF8-7969A021E42E}.Debug|Any CPU.Build.0 = Debug|Any CPU
		{2E42FE15-07B8-4EBE-9DF8-7969A021E42E}.Debug|Any CPU.Deploy.0 = Debug|Any CPU
		{2E42FE15-07B8-4EBE-9DF8-7969A021E42E}.Debug|iPhone.ActiveCfg = Debug|Any CPU
		{2E42FE15-07B8-4EBE-9DF8-7969A021E42E}.Debug|iPhone.Build.0 = Debug|Any CPU
		{2E42FE15-07B8-4EBE-9DF8-7969A021E42E}.Debug|iPhone.Deploy.0 = Debug|Any CPU
		{2E42FE15-07B8-4EBE-9DF8-7969A021E42E}.Debug|iPhoneSimulator.ActiveCfg = Debug|Any CPU
		{2E42FE15-07B8-4EBE-9DF8-7969A021E42E}.Debug|iPhoneSimulator.Build.0 = Debug|Any CPU
		{2E42FE15-07B8-4EBE-9DF8-7969A021E42E}.Debug|iPhoneSimulator.Deploy.0 = Debug|Any CPU
		{2E42FE15-07B8-4EBE-9DF8-7969A021E42E}.Release|Any CPU.ActiveCfg = Release|Any CPU
		{2E42FE15-07B8-4EBE-9DF8-7969A021E42E}.Release|Any CPU.Build.0 = Release|Any CPU
		{2E42FE15-07B8-4EBE-9DF8-7969A021E42E}.Release|Any CPU.Deploy.0 = Release|Any CPU
		{2E42FE15-07B8-4EBE-9DF8-7969A021E42E}.Release|iPhone.ActiveCfg = Release|Any CPU
		{2E42FE15-07B8-4EBE-9DF8-7969A021E42E}.Release|iPhone.Build.0 = Release|Any CPU
		{2E42FE15-07B8-4EBE-9DF8-7969A021E42E}.Release|iPhone.Deploy.0 = Release|Any CPU
		{2E42FE15-07B8-4EBE-9DF8-7969A021E42E}.Release|iPhoneSimulator.ActiveCfg = Release|Any CPU
		{2E42FE15-07B8-4EBE-9DF8-7969A021E42E}.Release|iPhoneSimulator.Build.0 = Release|Any CPU
		{2E42FE15-07B8-4EBE-9DF8-7969A021E42E}.Release|iPhoneSimulator.Deploy.0 = Release|Any CPU
	EndGlobalSection
	GlobalSection(SolutionProperties) = preSolution
		HideSolutionNode = FALSE
	EndGlobalSection
	GlobalSection(ExtensibilityGlobals) = postSolution
		SolutionGuid = {58C7634F-9883-4976-A46C-703BCEC2710E}
	EndGlobalSection
EndGlobal
